// !$*UTF8*$!
{
	archiveVersion = 1;
	classes = {
	};
	objectVersion = 77;
	objects = {

/* Begin PBXContainerItemProxy section */
		91784B752E5D3BB600C3BE37 /* PBXContainerItemProxy */ = {
			isa = PBXContainerItemProxy;
			containerPortal = 912E7DCE2E444107005EB6B3 /* Project object */;
			proxyType = 1;
			remoteGlobalIDString = 912E7DD52E444107005EB6B3;
			remoteInfo = "MDI 105";
		};
		91784B822E5D3C3700C3BE37 /* PBXContainerItemProxy */ = {
			isa = PBXContainerItemProxy;
			containerPortal = 912E7DCE2E444107005EB6B3 /* Project object */;
			proxyType = 1;
			remoteGlobalIDString = 912E7DD52E444107005EB6B3;
			remoteInfo = "MDI 105";
		};
/* End PBXContainerItemProxy section */

/* Begin PBXFileReference section */
		912E7DD62E444107005EB6B3 /* MDI 105.app */ = {isa = PBXFileReference; explicitFileType = wrapper.application; includeInIndex = 0; path = "MDI 105.app"; sourceTree = BUILT_PRODUCTS_DIR; };
		91784B712E5D3BB600C3BE37 /* MDI 105Tests.xctest */ = {isa = PBXFileReference; explicitFileType = wrapper.cfbundle; includeInIndex = 0; path = "MDI 105Tests.xctest"; sourceTree = BUILT_PRODUCTS_DIR; };
		91784B7E2E5D3C3700C3BE37 /* MDI 105_UnitTests.xctest */ = {isa = PBXFileReference; explicitFileType = wrapper.cfbundle; includeInIndex = 0; path = "MDI 105_UnitTests.xctest"; sourceTree = BUILT_PRODUCTS_DIR; };
/* End PBXFileReference section */

/* Begin PBXFileSystemSynchronizedBuildFileExceptionSet section */
		919A54672E5E7E36004E8E2E /* Exceptions for "MDI 105_UnitTests" folder in "MDI 105" target */ = {
			isa = PBXFileSystemSynchronizedBuildFileExceptionSet;
			membershipExceptions = (
				FrameWorkTests.swift,
			);
			target = 912E7DD52E444107005EB6B3 /* MDI 105 */;
		};
		919A54682E5E7E36004E8E2E /* Exceptions for "MDI 105_UnitTests" folder in "MDI 105_UnitTests" target */ = {
			isa = PBXFileSystemSynchronizedBuildFileExceptionSet;
			membershipExceptions = (
				FrameWorkTests.swift,
			);
			target = 91784B7D2E5D3C3700C3BE37 /* MDI 105_UnitTests */;
		};
/* End PBXFileSystemSynchronizedBuildFileExceptionSet section */

/* Begin PBXFileSystemSynchronizedRootGroup section */
		912E7DD82E444107005EB6B3 /* MDI 105 */ = {
			isa = PBXFileSystemSynchronizedRootGroup;
			path = "MDI 105";
			sourceTree = "<group>";
		};
		91784B7F2E5D3C3700C3BE37 /* MDI 105_UnitTests */ = {
			isa = PBXFileSystemSynchronizedRootGroup;
			exceptions = (
				919A54672E5E7E36004E8E2E /* Exceptions for "MDI 105_UnitTests" folder in "MDI 105" target */,
				919A54682E5E7E36004E8E2E /* Exceptions for "MDI 105_UnitTests" folder in "MDI 105_UnitTests" target */,
			);
			path = "MDI 105_UnitTests";
			sourceTree = "<group>";
		};
/* End PBXFileSystemSynchronizedRootGroup section */

/* Begin PBXFrameworksBuildPhase section */
		912E7DD32E444107005EB6B3 /* Frameworks */ = {
			isa = PBXFrameworksBuildPhase;
			buildActionMask = 2147483647;
			files = (
			);
			runOnlyForDeploymentPostprocessing = 0;
		};
		91784B6E2E5D3BB600C3BE37 /* Frameworks */ = {
			isa = PBXFrameworksBuildPhase;
			buildActionMask = 2147483647;
			files = (
			);
			runOnlyForDeploymentPostprocessing = 0;
		};
		91784B7B2E5D3C3700C3BE37 /* Frameworks */ = {
			isa = PBXFrameworksBuildPhase;
			buildActionMask = 2147483647;
			files = (
			);
			runOnlyForDeploymentPostprocessing = 0;
		};
/* End PBXFrameworksBuildPhase section */

/* Begin PBXGroup section */
		912E7DCD2E444107005EB6B3 = {
			isa = PBXGroup;
			children = (
				912E7DD82E444107005EB6B3 /* MDI 105 */,
				91784B7F2E5D3C3700C3BE37 /* MDI 105_UnitTests */,
				912E7DD72E444107005EB6B3 /* Products */,
			);
			sourceTree = "<group>";
		};
		912E7DD72E444107005EB6B3 /* Products */ = {
			isa = PBXGroup;
			children = (
				912E7DD62E444107005EB6B3 /* MDI 105.app */,
				91784B712E5D3BB600C3BE37 /* MDI 105Tests.xctest */,
				91784B7E2E5D3C3700C3BE37 /* MDI 105_UnitTests.xctest */,
			);
			name = Products;
			sourceTree = "<group>";
		};
/* End PBXGroup section */

/* Begin PBXNativeTarget section */
		912E7DD52E444107005EB6B3 /* MDI 105 */ = {
			isa = PBXNativeTarget;
			buildConfigurationList = 912E7DE12E444108005EB6B3 /* Build configuration list for PBXNativeTarget "MDI 105" */;
			buildPhases = (
				912E7DD22E444107005EB6B3 /* Sources */,
				912E7DD32E444107005EB6B3 /* Frameworks */,
				912E7DD42E444107005EB6B3 /* Resources */,
			);
			buildRules = (
			);
			dependencies = (
			);
			fileSystemSynchronizedGroups = (
				912E7DD82E444107005EB6B3 /* MDI 105 */,
			);
			name = "MDI 105";
			packageProductDependencies = (
			);
			productName = "MDI 105";
			productReference = 912E7DD62E444107005EB6B3 /* MDI 105.app */;
			productType = "com.apple.product-type.application";
		};
		91784B702E5D3BB600C3BE37 /* MDI 105Tests */ = {
			isa = PBXNativeTarget;
			buildConfigurationList = 91784B772E5D3BB600C3BE37 /* Build configuration list for PBXNativeTarget "MDI 105Tests" */;
			buildPhases = (
				91784B6D2E5D3BB600C3BE37 /* Sources */,
				91784B6E2E5D3BB600C3BE37 /* Frameworks */,
				91784B6F2E5D3BB600C3BE37 /* Resources */,
			);
			buildRules = (
			);
			dependencies = (
				91784B762E5D3BB600C3BE37 /* PBXTargetDependency */,
			);
			name = "MDI 105Tests";
			packageProductDependencies = (
			);
			productName = "MDI 105Tests";
			productReference = 91784B712E5D3BB600C3BE37 /* MDI 105Tests.xctest */;
			productType = "com.apple.product-type.bundle.unit-test";
		};
		91784B7D2E5D3C3700C3BE37 /* MDI 105_UnitTests */ = {
			isa = PBXNativeTarget;
			buildConfigurationList = 91784B842E5D3C3700C3BE37 /* Build configuration list for PBXNativeTarget "MDI 105_UnitTests" */;
			buildPhases = (
				91784B7A2E5D3C3700C3BE37 /* Sources */,
				91784B7B2E5D3C3700C3BE37 /* Frameworks */,
				91784B7C2E5D3C3700C3BE37 /* Resources */,
			);
			buildRules = (
			);
			dependencies = (
				91784B832E5D3C3700C3BE37 /* PBXTargetDependency */,
			);
			fileSystemSynchronizedGroups = (
				91784B7F2E5D3C3700C3BE37 /* MDI 105_UnitTests */,
			);
			name = "MDI 105_UnitTests";
			packageProductDependencies = (
			);
			productName = "MDI 105_UnitTests";
			productReference = 91784B7E2E5D3C3700C3BE37 /* MDI 105_UnitTests.xctest */;
			productType = "com.apple.product-type.bundle.unit-test";
		};
/* End PBXNativeTarget section */

/* Begin PBXProject section */
		912E7DCE2E444107005EB6B3 /* Project object */ = {
			isa = PBXProject;
			attributes = {
				BuildIndependentTargetsInParallel = 1;
				LastSwiftUpdateCheck = 1640;
				LastUpgradeCheck = 1640;
				TargetAttributes = {
					912E7DD52E444107005EB6B3 = {
						CreatedOnToolsVersion = 16.4;
					};
					91784B702E5D3BB600C3BE37 = {
						CreatedOnToolsVersion = 16.4;
						TestTargetID = 912E7DD52E444107005EB6B3;
					};
					91784B7D2E5D3C3700C3BE37 = {
						CreatedOnToolsVersion = 16.4;
						TestTargetID = 912E7DD52E444107005EB6B3;
					};
				};
			};
			buildConfigurationList = 912E7DD12E444107005EB6B3 /* Build configuration list for PBXProject "MDI 105" */;
			developmentRegion = en;
			hasScannedForEncodings = 0;
			knownRegions = (
				en,
				Base,
			);
			mainGroup = 912E7DCD2E444107005EB6B3;
			minimizedProjectReferenceProxies = 1;
			preferredProjectObjectVersion = 77;
			productRefGroup = 912E7DD72E444107005EB6B3 /* Products */;
			projectDirPath = "";
			projectRoot = "";
			targets = (
				912E7DD52E444107005EB6B3 /* MDI 105 */,
				91784B702E5D3BB600C3BE37 /* MDI 105Tests */,
				91784B7D2E5D3C3700C3BE37 /* MDI 105_UnitTests */,
			);
		};
/* End PBXProject section */

/* Begin PBXResourcesBuildPhase section */
		912E7DD42E444107005EB6B3 /* Resources */ = {
			isa = PBXResourcesBuildPhase;
			buildActionMask = 2147483647;
			files = (
			);
			runOnlyForDeploymentPostprocessing = 0;
		};
		91784B6F2E5D3BB600C3BE37 /* Resources */ = {
			isa = PBXResourcesBuildPhase;
			buildActionMask = 2147483647;
			files = (
			);
			runOnlyForDeploymentPostprocessing = 0;
		};
		91784B7C2E5D3C3700C3BE37 /* Resources */ = {
			isa = PBXResourcesBuildPhase;
			buildActionMask = 2147483647;
			files = (
			);
			runOnlyForDeploymentPostprocessing = 0;
		};
/* End PBXResourcesBuildPhase section */

/* Begin PBXSourcesBuildPhase section */
		912E7DD22E444107005EB6B3 /* Sources */ = {
			isa = PBXSourcesBuildPhase;
			buildActionMask = 2147483647;
			files = (
			);
			runOnlyForDeploymentPostprocessing = 0;
		};
		91784B6D2E5D3BB600C3BE37 /* Sources */ = {
			isa = PBXSourcesBuildPhase;
			buildActionMask = 2147483647;
			files = (
			);
			runOnlyForDeploymentPostprocessing = 0;
		};
		91784B7A2E5D3C3700C3BE37 /* Sources */ = {
			isa = PBXSourcesBuildPhase;
			buildActionMask = 2147483647;
			files = (
			);
			runOnlyForDeploymentPostprocessing = 0;
		};
/* End PBXSourcesBuildPhase section */

/* Begin PBXTargetDependency section */
		91784B762E5D3BB600C3BE37 /* PBXTargetDependency */ = {
			isa = PBXTargetDependency;
			target = 912E7DD52E444107005EB6B3 /* MDI 105 */;
			targetProxy = 91784B752E5D3BB600C3BE37 /* PBXContainerItemProxy */;
		};
		91784B832E5D3C3700C3BE37 /* PBXTargetDependency */ = {
			isa = PBXTargetDependency;
			target = 912E7DD52E444107005EB6B3 /* MDI 105 */;
			targetProxy = 91784B822E5D3C3700C3BE37 /* PBXContainerItemProxy */;
		};
/* End PBXTargetDependency section */

/* Begin XCBuildConfiguration section */
		912E7DDF2E444108005EB6B3 /* Debug */ = {
			isa = XCBuildConfiguration;
			buildSettings = {
				ALWAYS_SEARCH_USER_PATHS = NO;
				ASSETCATALOG_COMPILER_GENERATE_SWIFT_ASSET_SYMBOL_EXTENSIONS = YES;
				CLANG_ANALYZER_NONNULL = YES;
				CLANG_ANALYZER_NUMBER_OBJECT_CONVERSION = YES_AGGRESSIVE;
				CLANG_CXX_LANGUAGE_STANDARD = "gnu++20";
				CLANG_ENABLE_MODULES = YES;
				CLANG_ENABLE_OBJC_ARC = YES;
				CLANG_ENABLE_OBJC_WEAK = YES;
				CLANG_WARN_BLOCK_CAPTURE_AUTORELEASING = YES;
				CLANG_WARN_BOOL_CONVERSION = YES;
				CLANG_WARN_COMMA = YES;
				CLANG_WARN_CONSTANT_CONVERSION = YES;
				CLANG_WARN_DEPRECATED_OBJC_IMPLEMENTATIONS = YES;
				CLANG_WARN_DIRECT_OBJC_ISA_USAGE = YES_ERROR;
				CLANG_WARN_DOCUMENTATION_COMMENTS = YES;
				CLANG_WARN_EMPTY_BODY = YES;
				CLANG_WARN_ENUM_CONVERSION = YES;
				CLANG_WARN_INFINITE_RECURSION = YES;
				CLANG_WARN_INT_CONVERSION = YES;
				CLANG_WARN_NON_LITERAL_NULL_CONVERSION = YES;
				CLANG_WARN_OBJC_IMPLICIT_RETAIN_SELF = YES;
				CLANG_WARN_OBJC_LITERAL_CONVERSION = YES;
				CLANG_WARN_OBJC_ROOT_CLASS = YES_ERROR;
				CLANG_WARN_QUOTED_INCLUDE_IN_FRAMEWORK_HEADER = YES;
				CLANG_WARN_RANGE_LOOP_ANALYSIS = YES;
				CLANG_WARN_STRICT_PROTOTYPES = YES;
				CLANG_WARN_SUSPICIOUS_MOVE = YES;
				CLANG_WARN_UNGUARDED_AVAILABILITY = YES_AGGRESSIVE;
				CLANG_WARN_UNREACHABLE_CODE = YES;
				CLANG_WARN__DUPLICATE_METHOD_MATCH = YES;
				COPY_PHASE_STRIP = NO;
				DEBUG_INFORMATION_FORMAT = dwarf;
				DEVELOPMENT_TEAM = 8344Y5PFV3;
				ENABLE_STRICT_OBJC_MSGSEND = YES;
				ENABLE_TESTABILITY = YES;
				ENABLE_USER_SCRIPT_SANDBOXING = YES;
				GCC_C_LANGUAGE_STANDARD = gnu17;
				GCC_DYNAMIC_NO_PIC = NO;
				GCC_NO_COMMON_BLOCKS = YES;
				GCC_OPTIMIZATION_LEVEL = 0;
				GCC_PREPROCESSOR_DEFINITIONS = (
					"DEBUG=1",
					"$(inherited)",
				);
				GCC_WARN_64_TO_32_BIT_CONVERSION = YES;
				GCC_WARN_ABOUT_RETURN_TYPE = YES_ERROR;
				GCC_WARN_UNDECLARED_SELECTOR = YES;
				GCC_WARN_UNINITIALIZED_AUTOS = YES_AGGRESSIVE;
				GCC_WARN_UNUSED_FUNCTION = YES;
				GCC_WARN_UNUSED_VARIABLE = YES;
				IPHONEOS_DEPLOYMENT_TARGET = 18.5;
				LOCALIZATION_PREFERS_STRING_CATALOGS = YES;
				MTL_ENABLE_DEBUG_INFO = INCLUDE_SOURCE;
				MTL_FAST_MATH = YES;
				ONLY_ACTIVE_ARCH = YES;
				SDKROOT = iphoneos;
				SWIFT_ACTIVE_COMPILATION_CONDITIONS = "DEBUG $(inherited)";
				SWIFT_OPTIMIZATION_LEVEL = "-Onone";
			};
			name = Debug;
		};
		912E7DE02E444108005EB6B3 /* Release */ = {
			isa = XCBuildConfiguration;
			buildSettings = {
				ALWAYS_SEARCH_USER_PATHS = NO;
				ASSETCATALOG_COMPILER_GENERATE_SWIFT_ASSET_SYMBOL_EXTENSIONS = YES;
				CLANG_ANALYZER_NONNULL = YES;
				CLANG_ANALYZER_NUMBER_OBJECT_CONVERSION = YES_AGGRESSIVE;
				CLANG_CXX_LANGUAGE_STANDARD = "gnu++20";
				CLANG_ENABLE_MODULES = YES;
				CLANG_ENABLE_OBJC_ARC = YES;
				CLANG_ENABLE_OBJC_WEAK = YES;
				CLANG_WARN_BLOCK_CAPTURE_AUTORELEASING = YES;
				CLANG_WARN_BOOL_CONVERSION = YES;
				CLANG_WARN_COMMA = YES;
				CLANG_WARN_CONSTANT_CONVERSION = YES;
				CLANG_WARN_DEPRECATED_OBJC_IMPLEMENTATIONS = YES;
				CLANG_WARN_DIRECT_OBJC_ISA_USAGE = YES_ERROR;
				CLANG_WARN_DOCUMENTATION_COMMENTS = YES;
				CLANG_WARN_EMPTY_BODY = YES;
				CLANG_WARN_ENUM_CONVERSION = YES;
				CLANG_WARN_INFINITE_RECURSION = YES;
				CLANG_WARN_INT_CONVERSION = YES;
				CLANG_WARN_NON_LITERAL_NULL_CONVERSION = YES;
				CLANG_WARN_OBJC_IMPLICIT_RETAIN_SELF = YES;
				CLANG_WARN_OBJC_LITERAL_CONVERSION = YES;
				CLANG_WARN_OBJC_ROOT_CLASS = YES_ERROR;
				CLANG_WARN_QUOTED_INCLUDE_IN_FRAMEWORK_HEADER = YES;
				CLANG_WARN_RANGE_LOOP_ANALYSIS = YES;
				CLANG_WARN_STRICT_PROTOTYPES = YES;
				CLANG_WARN_SUSPICIOUS_MOVE = YES;
				CLANG_WARN_UNGUARDED_AVAILABILITY = YES_AGGRESSIVE;
				CLANG_WARN_UNREACHABLE_CODE = YES;
				CLANG_WARN__DUPLICATE_METHOD_MATCH = YES;
				COPY_PHASE_STRIP = NO;
				DEBUG_INFORMATION_FORMAT = "dwarf-with-dsym";
				DEVELOPMENT_TEAM = 8344Y5PFV3;
				ENABLE_NS_ASSERTIONS = NO;
				ENABLE_STRICT_OBJC_MSGSEND = YES;
				ENABLE_USER_SCRIPT_SANDBOXING = YES;
				GCC_C_LANGUAGE_STANDARD = gnu17;
				GCC_NO_COMMON_BLOCKS = YES;
				GCC_WARN_64_TO_32_BIT_CONVERSION = YES;
				GCC_WARN_ABOUT_RETURN_TYPE = YES_ERROR;
				GCC_WARN_UNDECLARED_SELECTOR = YES;
				GCC_WARN_UNINITIALIZED_AUTOS = YES_AGGRESSIVE;
				GCC_WARN_UNUSED_FUNCTION = YES;
				GCC_WARN_UNUSED_VARIABLE = YES;
				IPHONEOS_DEPLOYMENT_TARGET = 18.5;
				LOCALIZATION_PREFERS_STRING_CATALOGS = YES;
				MTL_ENABLE_DEBUG_INFO = NO;
				MTL_FAST_MATH = YES;
				SDKROOT = iphoneos;
				SWIFT_COMPILATION_MODE = wholemodule;
				VALIDATE_PRODUCT = YES;
			};
			name = Release;
		};
		912E7DE22E444108005EB6B3 /* Debug */ = {
			isa = XCBuildConfiguration;
			buildSettings = {
				ASSETCATALOG_COMPILER_APPICON_NAME = AppIcon;
				ASSETCATALOG_COMPILER_GLOBAL_ACCENT_COLOR_NAME = AccentColor;
				CODE_SIGN_STYLE = Automatic;
				CURRENT_PROJECT_VERSION = 1;
				DEVELOPMENT_TEAM = 8344Y5PFV3;
				ENABLE_PREVIEWS = YES;
				GENERATE_INFOPLIST_FILE = YES;
				INFOPLIST_KEY_UIApplicationSceneManifest_Generation = YES;
				INFOPLIST_KEY_UIApplicationSupportsIndirectInputEvents = YES;
				INFOPLIST_KEY_UILaunchScreen_Generation = YES;
				INFOPLIST_KEY_UISupportedInterfaceOrientations_iPad = "UIInterfaceOrientationPortrait UIInterfaceOrientationPortraitUpsideDown UIInterfaceOrientationLandscapeLeft UIInterfaceOrientationLandscapeRight";
				INFOPLIST_KEY_UISupportedInterfaceOrientations_iPhone = "UIInterfaceOrientationPortrait UIInterfaceOrientationLandscapeLeft UIInterfaceOrientationLandscapeRight";
				LD_RUNPATH_SEARCH_PATHS = (
					"$(inherited)",
					"@executable_path/Frameworks",
				);
				MARKETING_VERSION = 1.0;
				PRODUCT_BUNDLE_IDENTIFIER = "com.example.app.MDI-105";
				PRODUCT_NAME = "$(TARGET_NAME)";
				SWIFT_EMIT_LOC_STRINGS = YES;
				SWIFT_VERSION = 5.0;
				TARGETED_DEVICE_FAMILY = "1,2";
			};
			name = Debug;
		};
		912E7DE32E444108005EB6B3 /* Release */ = {
			isa = XCBuildConfiguration;
			buildSettings = {
				ASSETCATALOG_COMPILER_APPICON_NAME = AppIcon;
				ASSETCATALOG_COMPILER_GLOBAL_ACCENT_COLOR_NAME = AccentColor;
				CODE_SIGN_STYLE = Automatic;
				CURRENT_PROJECT_VERSION = 1;
				DEVELOPMENT_TEAM = 8344Y5PFV3;
				ENABLE_PREVIEWS = YES;
				GENERATE_INFOPLIST_FILE = YES;
				INFOPLIST_KEY_UIApplicationSceneManifest_Generation = YES;
				INFOPLIST_KEY_UIApplicationSupportsIndirectInputEvents = YES;
				INFOPLIST_KEY_UILaunchScreen_Generation = YES;
				INFOPLIST_KEY_UISupportedInterfaceOrientations_iPad = "UIInterfaceOrientationPortrait UIInterfaceOrientationPortraitUpsideDown UIInterfaceOrientationLandscapeLeft UIInterfaceOrientationLandscapeRight";
				INFOPLIST_KEY_UISupportedInterfaceOrientations_iPhone = "UIInterfaceOrientationPortrait UIInterfaceOrientationLandscapeLeft UIInterfaceOrientationLandscapeRight";
				LD_RUNPATH_SEARCH_PATHS = (
					"$(inherited)",
					"@executable_path/Frameworks",
				);
				MARKETING_VERSION = 1.0;
				PRODUCT_BUNDLE_IDENTIFIER = "com.example.app.MDI-105";
				PRODUCT_NAME = "$(TARGET_NAME)";
				SWIFT_EMIT_LOC_STRINGS = YES;
				SWIFT_VERSION = 5.0;
				TARGETED_DEVICE_FAMILY = "1,2";
			};
			name = Release;
		};
		91784B782E5D3BB600C3BE37 /* Debug */ = {
			isa = XCBuildConfiguration;
			buildSettings = {
				BUNDLE_LOADER = "$(TEST_HOST)";
				CODE_SIGN_STYLE = Automatic;
				CURRENT_PROJECT_VERSION = 1;
				DEVELOPMENT_TEAM = 8344Y5PFV3;
				GENERATE_INFOPLIST_FILE = YES;
				MARKETING_VERSION = 1.0;
				PRODUCT_BUNDLE_IDENTIFIER = "com.example.app.MDI-105Tests";
				PRODUCT_NAME = "$(TARGET_NAME)";
				SWIFT_EMIT_LOC_STRINGS = NO;
				SWIFT_VERSION = 5.0;
				TARGETED_DEVICE_FAMILY = "1,2";
				TEST_HOST = "$(BUILT_PRODUCTS_DIR)/MDI 105.app/$(BUNDLE_EXECUTABLE_FOLDER_PATH)/MDI 105";
			};
			name = Debug;
		};
		91784B792E5D3BB600C3BE37 /* Release */ = {
			isa = XCBuildConfiguration;
			buildSettings = {
				BUNDLE_LOADER = "$(TEST_HOST)";
				CODE_SIGN_STYLE = Automatic;
				CURRENT_PROJECT_VERSION = 1;
				DEVELOPMENT_TEAM = 8344Y5PFV3;
				GENERATE_INFOPLIST_FILE = YES;
				MARKETING_VERSION = 1.0;
				PRODUCT_BUNDLE_IDENTIFIER = "com.example.app.MDI-105Tests";
				PRODUCT_NAME = "$(TARGET_NAME)";
				SWIFT_EMIT_LOC_STRINGS = NO;
				SWIFT_VERSION = 5.0;
				TARGETED_DEVICE_FAMILY = "1,2";
				TEST_HOST = "$(BUILT_PRODUCTS_DIR)/MDI 105.app/$(BUNDLE_EXECUTABLE_FOLDER_PATH)/MDI 105";
			};
			name = Release;
		};
		91784B852E5D3C3700C3BE37 /* Debug */ = {
			isa = XCBuildConfiguration;
			buildSettings = {
				BUNDLE_LOADER = "$(TEST_HOST)";
				CODE_SIGN_STYLE = Automatic;
				CURRENT_PROJECT_VERSION = 1;
				DEVELOPMENT_TEAM = 8344Y5PFV3;
				ENABLE_TESTABILITY = YES;
				GENERATE_INFOPLIST_FILE = YES;
				MARKETING_VERSION = 1.0;
				PRODUCT_BUNDLE_IDENTIFIER = "com.example.app.MDI-105-UnitTests";
				PRODUCT_NAME = "$(TARGET_NAME)";
				SWIFT_EMIT_LOC_STRINGS = NO;
				SWIFT_VERSION = 5.0;
				TARGETED_DEVICE_FAMILY = "1,2";
				TEST_HOST = "$(BUILT_PRODUCTS_DIR)/MDI 105.app/$(BUNDLE_EXECUTABLE_FOLDER_PATH)/MDI 105";
			};
			name = Debug;
		};
		91784B862E5D3C3700C3BE37 /* Release */ = {
			isa = XCBuildConfiguration;
			buildSettings = {
				BUNDLE_LOADER = "$(TEST_HOST)";
				CODE_SIGN_STYLE = Automatic;
				CURRENT_PROJECT_VERSION = 1;
				DEVELOPMENT_TEAM = 8344Y5PFV3;
				ENABLE_TESTABILITY = NO;
				GENERATE_INFOPLIST_FILE = YES;
				MARKETING_VERSION = 1.0;
				PRODUCT_BUNDLE_IDENTIFIER = "com.example.app.MDI-105-UnitTests";
				PRODUCT_NAME = "$(TARGET_NAME)";
				SWIFT_EMIT_LOC_STRINGS = NO;
				SWIFT_VERSION = 5.0;
				TARGETED_DEVICE_FAMILY = "1,2";
				TEST_HOST = "$(BUILT_PRODUCTS_DIR)/MDI 105.app/$(BUNDLE_EXECUTABLE_FOLDER_PATH)/MDI 105";
			};
			name = Release;
		};
/* End XCBuildConfiguration section */

/* Begin XCConfigurationList section */
		912E7DD12E444107005EB6B3 /* Build configuration list for PBXProject "MDI 105" */ = {
			isa = XCConfigurationList;
			buildConfigurations = (
				912E7DDF2E444108005EB6B3 /* Debug */,
				912E7DE02E444108005EB6B3 /* Release */,
			);
			defaultConfigurationIsVisible = 0;
			defaultConfigurationName = Release;
		};
		912E7DE12E444108005EB6B3 /* Build configuration list for PBXNativeTarget "MDI 105" */ = {
			isa = XCConfigurationList;
			buildConfigurations = (
				912E7DE22E444108005EB6B3 /* Debug */,
				912E7DE32E444108005EB6B3 /* Release */,
			);
			defaultConfigurationIsVisible = 0;
			defaultConfigurationName = Release;
		};
		91784B772E5D3BB600C3BE37 /* Build configuration list for PBXNativeTarget "MDI 105Tests" */ = {
			isa = XCConfigurationList;
			buildConfigurations = (
				91784B782E5D3BB600C3BE37 /* Debug */,
				91784B792E5D3BB600C3BE37 /* Release */,
			);
			defaultConfigurationIsVisible = 0;
			defaultConfigurationName = Release;
		};
		91784B842E5D3C3700C3BE37 /* Build configuration list for PBXNativeTarget "MDI 105_UnitTests" */ = {
			isa = XCConfigurationList;
			buildConfigurations = (
				91784B852E5D3C3700C3BE37 /* Debug */,
				91784B862E5D3C3700C3BE37 /* Release */,
			);
			defaultConfigurationIsVisible = 0;
			defaultConfigurationName = Release;
		};
/* End XCConfigurationList section */
	};
	rootObject = 912E7DCE2E444107005EB6B3 /* Project object */;
}
